// !$*UTF8*$!
{
	archiveVersion = 1;
	classes = {
	};
	objectVersion = 48;
	objects = {

/* Begin PBXBuildFile section */
		6DA810312049217200ADE8F0 /* Target_VC.swift in Sources */ = {isa = PBXBuildFile; fileRef = 6DA810302049217200ADE8F0 /* Target_VC.swift */; };
		6DB26D99204403CF00D49B9B /* AppDelegate.swift in Sources */ = {isa = PBXBuildFile; fileRef = 6DB26D98204403CF00D49B9B /* AppDelegate.swift */; };
		6DB26D9B204403CF00D49B9B /* ViewController.swift in Sources */ = {isa = PBXBuildFile; fileRef = 6DB26D9A204403CF00D49B9B /* ViewController.swift */; };
		6DB26D9E204403CF00D49B9B /* Main.storyboard in Resources */ = {isa = PBXBuildFile; fileRef = 6DB26D9C204403CF00D49B9B /* Main.storyboard */; };
		6DB26DA0204403CF00D49B9B /* Assets.xcassets in Resources */ = {isa = PBXBuildFile; fileRef = 6DB26D9F204403CF00D49B9B /* Assets.xcassets */; };
		6DB26DA3204403CF00D49B9B /* LaunchScreen.storyboard in Resources */ = {isa = PBXBuildFile; fileRef = 6DB26DA1204403CF00D49B9B /* LaunchScreen.storyboard */; };
		6DB26DAB2044047300D49B9B /* LoadingView.xib in Resources */ = {isa = PBXBuildFile; fileRef = 6DB26DAA2044047300D49B9B /* LoadingView.xib */; };
		6DB26DAD2044048600D49B9B /* LoadingView.swift in Sources */ = {isa = PBXBuildFile; fileRef = 6DB26DAC2044048600D49B9B /* LoadingView.swift */; };
/* End PBXBuildFile section */

/* Begin PBXFileReference section */
		6DA810302049217200ADE8F0 /* Target_VC.swift */ = {isa = PBXFileReference; lastKnownFileType = sourcecode.swift; path = Target_VC.swift; sourceTree = "<group>"; };
		6DB26D95204403CF00D49B9B /* LoadingView.app */ = {isa = PBXFileReference; explicitFileType = wrapper.application; includeInIndex = 0; path = LoadingView.app; sourceTree = BUILT_PRODUCTS_DIR; };
		6DB26D98204403CF00D49B9B /* AppDelegate.swift */ = {isa = PBXFileReference; lastKnownFileType = sourcecode.swift; path = AppDelegate.swift; sourceTree = "<group>"; };
		6DB26D9A204403CF00D49B9B /* ViewController.swift */ = {isa = PBXFileReference; lastKnownFileType = sourcecode.swift; path = ViewController.swift; sourceTree = "<group>"; };
		6DB26D9D204403CF00D49B9B /* Base */ = {isa = PBXFileReference; lastKnownFileType = file.storyboard; name = Base; path = Base.lproj/Main.storyboard; sourceTree = "<group>"; };
		6DB26D9F204403CF00D49B9B /* Assets.xcassets */ = {isa = PBXFileReference; lastKnownFileType = folder.assetcatalog; path = Assets.xcassets; sourceTree = "<group>"; };
		6DB26DA2204403CF00D49B9B /* Base */ = {isa = PBXFileReference; lastKnownFileType = file.storyboard; name = Base; path = Base.lproj/LaunchScreen.storyboard; sourceTree = "<group>"; };
		6DB26DA4204403CF00D49B9B /* Info.plist */ = {isa = PBXFileReference; lastKnownFileType = text.plist.xml; path = Info.plist; sourceTree = "<group>"; };
		6DB26DAA2044047300D49B9B /* LoadingView.xib */ = {isa = PBXFileReference; lastKnownFileType = file.xib; path = LoadingView.xib; sourceTree = "<group>"; };
		6DB26DAC2044048600D49B9B /* LoadingView.swift */ = {isa = PBXFileReference; lastKnownFileType = sourcecode.swift; path = LoadingView.swift; sourceTree = "<group>"; };
/* End PBXFileReference section */

/* Begin PBXFrameworksBuildPhase section */
		6DB26D92204403CF00D49B9B /* Frameworks */ = {
			isa = PBXFrameworksBuildPhase;
			buildActionMask = 2147483647;
			files = (
			);
			runOnlyForDeploymentPostprocessing = 0;
		};
/* End PBXFrameworksBuildPhase section */

/* Begin PBXGroup section */
		6DB26D8C204403CF00D49B9B = {
			isa = PBXGroup;
			children = (
				6DB26D97204403CF00D49B9B /* LoadingView */,
				6DB26D96204403CF00D49B9B /* Products */,
			);
			sourceTree = "<group>";
		};
		6DB26D96204403CF00D49B9B /* Products */ = {
			isa = PBXGroup;
			children = (
				6DB26D95204403CF00D49B9B /* LoadingView.app */,
			);
			name = Products;
			sourceTree = "<group>";
		};
		6DB26D97204403CF00D49B9B /* LoadingView */ = {
			isa = PBXGroup;
			children = (
				6DB26D98204403CF00D49B9B /* AppDelegate.swift */,
				6DB26D9A204403CF00D49B9B /* ViewController.swift */,
				6DB26D9C204403CF00D49B9B /* Main.storyboard */,
				6DB26D9F204403CF00D49B9B /* Assets.xcassets */,
				6DB26DA1204403CF00D49B9B /* LaunchScreen.storyboard */,
				6DB26DA4204403CF00D49B9B /* Info.plist */,
				6DB26DAA2044047300D49B9B /* LoadingView.xib */,
				6DB26DAC2044048600D49B9B /* LoadingView.swift */,
				6DA810302049217200ADE8F0 /* Target_VC.swift */,
			);
			path = LoadingView;
			sourceTree = "<group>";
		};
/* End PBXGroup section */

/* Begin PBXNativeTarget section */
		6DB26D94204403CF00D49B9B /* LoadingView */ = {
			isa = PBXNativeTarget;
			buildConfigurationList = 6DB26DA7204403CF00D49B9B /* Build configuration list for PBXNativeTarget "LoadingView" */;
			buildPhases = (
				6DB26D91204403CF00D49B9B /* Sources */,
				6DB26D92204403CF00D49B9B /* Frameworks */,
				6DB26D93204403CF00D49B9B /* Resources */,
			);
			buildRules = (
			);
			dependencies = (
			);
			name = LoadingView;
			productName = LoadingView;
			productReference = 6DB26D95204403CF00D49B9B /* LoadingView.app */;
			productType = "com.apple.product-type.application";
		};
/* End PBXNativeTarget section */

/* Begin PBXProject section */
		6DB26D8D204403CF00D49B9B /* Project object */ = {
			isa = PBXProject;
			attributes = {
				LastSwiftUpdateCheck = 0920;
				LastUpgradeCheck = 0920;
				ORGANIZATIONNAME = 25sprout.com;
				TargetAttributes = {
					6DB26D94204403CF00D49B9B = {
						CreatedOnToolsVersion = 9.2;
						ProvisioningStyle = Automatic;
					};
				};
			};
			buildConfigurationList = 6DB26D90204403CF00D49B9B /* Build configuration list for PBXProject "LoadingView" */;
			compatibilityVersion = "Xcode 8.0";
			developmentRegion = en;
			hasScannedForEncodings = 0;
			knownRegions = (
				en,
				Base,
			);
			mainGroup = 6DB26D8C204403CF00D49B9B;
			productRefGroup = 6DB26D96204403CF00D49B9B /* Products */;
			projectDirPath = "";
			projectRoot = "";
			targets = (
				6DB26D94204403CF00D49B9B /* LoadingView */,
			);
		};
/* End PBXProject section */

/* Begin PBXResourcesBuildPhase section */
		6DB26D93204403CF00D49B9B /* Resources */ = {
			isa = PBXResourcesBuildPhase;
			buildActionMask = 2147483647;
			files = (
				6DB26DA3204403CF00D49B9B /* LaunchScreen.storyboard in Resources */,
				6DB26DAB2044047300D49B9B /* LoadingView.xib in Resources */,
				6DB26DA0204403CF00D49B9B /* Assets.xcassets in Resources */,
				6DB26D9E204403CF00D49B9B /* Main.storyboard in Resources */,
			);
			runOnlyForDeploymentPostprocessing = 0;
		};
/* End PBXResourcesBuildPhase section */

/* Begin PBXSourcesBuildPhase section */
		6DB26D91204403CF00D49B9B /* Sources */ = {
			isa = PBXSourcesBuildPhase;
			buildActionMask = 2147483647;
			files = (
				6DB26DAD2044048600D49B9B /* LoadingView.swift in Sources */,
				6DA810312049217200ADE8F0 /* Target_VC.swift in Sources */,
				6DB26D9B204403CF00D49B9B /* ViewController.swift in Sources */,
				6DB26D99204403CF00D49B9B /* AppDelegate.swift in Sources */,
			);
			runOnlyForDeploymentPostprocessing = 0;
		};
/* End PBXSourcesBuildPhase section */

/* Begin PBXVariantGroup section */
		6DB26D9C204403CF00D49B9B /* Main.storyboard */ = {
			isa = PBXVariantGroup;
			children = (
				6DB26D9D204403CF00D49B9B /* Base */,
			);
			name = Main.storyboard;
			sourceTree = "<group>";
		};
		6DB26DA1204403CF00D49B9B /* LaunchScreen.storyboard */ = {
			isa = PBXVariantGroup;
			children = (
				6DB26DA2204403CF00D49B9B /* Base */,
			);
			name = LaunchScreen.storyboard;
			sourceTree = "<group>";
		};
/* End PBXVariantGroup section */

/* Begin XCBuildConfiguration section */
		6DB26DA5204403CF00D49B9B /* Debug */ = {
			isa = XCBuildConfiguration;
			buildSettings = {
				ALWAYS_SEARCH_USER_PATHS = NO;
				CLANG_ANALYZER_NONNULL = YES;
				CLANG_ANALYZER_NUMBER_OBJECT_CONVERSION = YES_AGGRESSIVE;
				CLANG_CXX_LANGUAGE_STANDARD = "gnu++14";
				CLANG_CXX_LIBRARY = "libc++";
				CLANG_ENABLE_MODULES = YES;
				CLANG_ENABLE_OBJC_ARC = YES;
				CLANG_WARN_BLOCK_CAPTURE_AUTORELEASING = YES;
				CLANG_WARN_BOOL_CONVERSION = YES;
				CLANG_WARN_COMMA = YES;
				CLANG_WARN_CONSTANT_CONVERSION = YES;
				CLANG_WARN_DIRECT_OBJC_ISA_USAGE = YES_ERROR;
				CLANG_WARN_DOCUMENTATION_COMMENTS = YES;
				CLANG_WARN_EMPTY_BODY = YES;
				CLANG_WARN_ENUM_CONVERSION = YES;
				CLANG_WARN_INFINITE_RECURSION = YES;
				CLANG_WARN_INT_CONVERSION = YES;
				CLANG_WARN_NON_LITERAL_NULL_CONVERSION = YES;
				CLANG_WARN_OBJC_LITERAL_CONVERSION = YES;
				CLANG_WARN_OBJC_ROOT_CLASS = YES_ERROR;
				CLANG_WARN_RANGE_LOOP_ANALYSIS = YES;
				CLANG_WARN_STRICT_PROTOTYPES = YES;
				CLANG_WARN_SUSPICIOUS_MOVE = YES;
				CLANG_WARN_UNGUARDED_AVAILABILITY = YES_AGGRESSIVE;
				CLANG_WARN_UNREACHABLE_CODE = YES;
				CLANG_WARN__DUPLICATE_METHOD_MATCH = YES;
				CODE_SIGN_IDENTITY = "iPhone Developer";
				COPY_PHASE_STRIP = NO;
				DEBUG_INFORMATION_FORMAT = dwarf;
				ENABLE_STRICT_OBJC_MSGSEND = YES;
				ENABLE_TESTABILITY = YES;
				GCC_C_LANGUAGE_STANDARD = gnu11;
				GCC_DYNAMIC_NO_PIC = NO;
				GCC_NO_COMMON_BLOCKS = YES;
				GCC_OPTIMIZATION_LEVEL = 0;
				GCC_PREPROCESSOR_DEFINITIONS = (
					"DEBUG=1",
					"$(inherited)",
				);
				GCC_WARN_64_TO_32_BIT_CONVERSION = YES;
				GCC_WARN_ABOUT_RETURN_TYPE = YES_ERROR;
				GCC_WARN_UNDECLARED_SELECTOR = YES;
				GCC_WARN_UNINITIALIZED_AUTOS = YES_AGGRESSIVE;
				GCC_WARN_UNUSED_FUNCTION = YES;
				GCC_WARN_UNUSED_VARIABLE = YES;
				IPHONEOS_DEPLOYMENT_TARGET = 11.2;
				MTL_ENABLE_DEBUG_INFO = YES;
				ONLY_ACTIVE_ARCH = YES;
				SDKROOT = iphoneos;
				SWIFT_ACTIVE_COMPILATION_CONDITIONS = DEBUG;
				SWIFT_OPTIMIZATION_LEVEL = "-Onone";
			};
			name = Debug;
		};
		6DB26DA6204403CF00D49B9B /* Release */ = {
			isa = XCBuildConfiguration;
			buildSettings = {
				ALWAYS_SEARCH_USER_PATHS = NO;
				CLANG_ANALYZER_NONNULL = YES;
				CLANG_ANALYZER_NUMBER_OBJECT_CONVERSION = YES_AGGRESSIVE;
				CLANG_CXX_LANGUAGE_STANDARD = "gnu++14";
				CLANG_CXX_LIBRARY = "libc++";
				CLANG_ENABLE_MODULES = YES;
				CLANG_ENABLE_OBJC_ARC = YES;
				CLANG_WARN_BLOCK_CAPTURE_AUTORELEASING = YES;
				CLANG_WARN_BOOL_CONVERSION = YES;
				CLANG_WARN_COMMA = YES;
				CLANG_WARN_CONSTANT_CONVERSION = YES;
				CLANG_WARN_DIRECT_OBJC_ISA_USAGE = YES_ERROR;
				CLANG_WARN_DOCUMENTATION_COMMENTS = YES;
				CLANG_WARN_EMPTY_BODY = YES;
				CLANG_WARN_ENUM_CONVERSION = YES;
				CLANG_WARN_INFINITE_RECURSION = YES;
				CLANG_WARN_INT_CONVERSION = YES;
				CLANG_WARN_NON_LITERAL_NULL_CONVERSION = YES;
				CLANG_WARN_OBJC_LITERAL_CONVERSION = YES;
				CLANG_WARN_OBJC_ROOT_CLASS = YES_ERROR;
				CLANG_WARN_RANGE_LOOP_ANALYSIS = YES;
				CLANG_WARN_STRICT_PROTOTYPES = YES;
				CLANG_WARN_SUSPICIOUS_MOVE = YES;
				CLANG_WARN_UNGUARDED_AVAILABILITY = YES_AGGRESSIVE;
				CLANG_WARN_UNREACHABLE_CODE = YES;
				CLANG_WARN__DUPLICATE_METHOD_MATCH = YES;
				CODE_SIGN_IDENTITY = "iPhone Developer";
				COPY_PHASE_STRIP = NO;
				DEBUG_INFORMATION_FORMAT = "dwarf-with-dsym";
				ENABLE_NS_ASSERTIONS = NO;
				ENABLE_STRICT_OBJC_MSGSEND = YES;
				GCC_C_LANGUAGE_STANDARD = gnu11;
				GCC_NO_COMMON_BLOCKS = YES;
				GCC_WARN_64_TO_32_BIT_CONVERSION = YES;
				GCC_WARN_ABOUT_RETURN_TYPE = YES_ERROR;
				GCC_WARN_UNDECLARED_SELECTOR = YES;
				GCC_WARN_UNINITIALIZED_AUTOS = YES_AGGRESSIVE;
				GCC_WARN_UNUSED_FUNCTION = YES;
				GCC_WARN_UNUSED_VARIABLE = YES;
				IPHONEOS_DEPLOYMENT_TARGET = 11.2;
				MTL_ENABLE_DEBUG_INFO = NO;
				SDKROOT = iphoneos;
				SWIFT_OPTIMIZATION_LEVEL = "-Owholemodule";
				VALIDATE_PRODUCT = YES;
			};
			name = Release;
		};
		6DB26DA8204403CF00D49B9B /* Debug */ = {
			isa = XCBuildConfiguration;
			buildSettings = {
				ASSETCATALOG_COMPILER_APPICON_NAME = AppIcon;
				CODE_SIGN_STYLE = Automatic;
				DEVELOPMENT_TEAM = L2KP5DU4HL;
				INFOPLIST_FILE = LoadingView/Info.plist;
				IPHONEOS_DEPLOYMENT_TARGET = 11.0;
				LD_RUNPATH_SEARCH_PATHS = "$(inherited) @executable_path/Frameworks";
				PRODUCT_BUNDLE_IDENTIFIER = com.25sprout.LoadingView;
				PRODUCT_NAME = "$(TARGET_NAME)";
				SWIFT_VERSION = 4.0;
				TARGETED_DEVICE_FAMILY = "1,2";
			};
			name = Debug;
		};
		6DB26DA9204403CF00D49B9B /* Release */ = {
			isa = XCBuildConfiguration;
			buildSettings = {
				ASSETCATALOG_COMPILER_APPICON_NAME = AppIcon;
				CODE_SIGN_STYLE = Automatic;
				DEVELOPMENT_TEAM = L2KP5DU4HL;
				INFOPLIST_FILE = LoadingView/Info.plist;
				IPHONEOS_DEPLOYMENT_TARGET = 11.0;
				LD_RUNPATH_SEARCH_PATHS = "$(inherited) @executable_path/Frameworks";
				PRODUCT_BUNDLE_IDENTIFIER = com.25sprout.LoadingView;
				PRODUCT_NAME = "$(TARGET_NAME)";
				SWIFT_VERSION = 4.0;
				TARGETED_DEVICE_FAMILY = "1,2";
			};
			name = Release;
		};
/* End XCBuildConfiguration section */

/* Begin XCConfigurationList section */
		6DB26D90204403CF00D49B9B /* Build configuration list for PBXProject "LoadingView" */ = {
			isa = XCConfigurationList;
			buildConfigurations = (
				6DB26DA5204403CF00D49B9B /* Debug */,
				6DB26DA6204403CF00D49B9B /* Release */,
			);
			defaultConfigurationIsVisible = 0;
			defaultConfigurationName = Release;
		};
		6DB26DA7204403CF00D49B9B /* Build configuration list for PBXNativeTarget "LoadingView" */ = {
			isa = XCConfigurationList;
			buildConfigurations = (
				6DB26DA8204403CF00D49B9B /* Debug */,
				6DB26DA9204403CF00D49B9B /* Release */,
			);
			defaultConfigurationIsVisible = 0;
			defaultConfigurationName = Release;
		};
/* End XCConfigurationList section */
	};
	rootObject = 6DB26D8D204403CF00D49B9B /* Project object */;
}
